github.com/tetratelabs/wazero v1.6.1-0.20240220053405-8d664e57e6eb h1:Ii4dx2WQY91yVCRoCZNJ6jlSXCPhdDTLp29PRMW7nYU=
github.com/tetratelabs/wazero v1.6.1-0.20240220053405-8d664e57e6eb/go.mod h1:ytl6Zuh20R/eROuyDaGPkp82O9C/DJfXAwJfQ3X6/7Y=
github.com/tetratelabs/wazero v1.7.0 h1:jg5qPydno59wqjpGrHph81lbtHzTrWzwwtD4cD88+hQ=
github.com/tetratelabs/wazero v1.7.0/go.mod h1:ytl6Zuh20R/eROuyDaGPkp82O9C/DJfXAwJfQ3X6/7Y=
